{
  "name": "chatbot-extension",
  "version": "0.0.1",
  "lockfileVersion": 3,
  "requires": true,
  "packages": {
    "": {
      "name": "chatbot-extension",
      "version": "0.0.1",
      "hasInstallScript": true,
      "license": "ISC",
      "devDependencies": {
        "@types/node": "^20.8.2",
        "@types/vscode": "^1.83.0",
        "typescript": "^4.9.5"
      },
      "engines": {
        "vscode": "^1.80"
      }
    },
    "node_modules/@types/node": {
      "version": "20.8.2",
      "resolved": "https://registry.npmjs.org/@types/node/-/node-20.8.2.tgz",
      "integrity": "sha512-Vvycsc9FQdwhxE3y3DzeIxuEJbWGDsnrxvMADzTDF/lcdR9/K+AQIeAghTQsHtotg/q0j3WEOYS/jQgSdWue3w==",
      "dev": true
    },
    "node_modules/@types/vscode": {
      "version": "1.80",
      "resolved": "https://registry.npmjs.org/@types/vscode/-/vscode-1.83.0.tgz",
      "integrity": "sha512-3mUtHqLAVz9hegut9au4xehuBrzRE3UJiQMpoEHkNl6XHliihO7eATx2BMHs0odsmmrwjJrlixx/Pte6M3ygDQ==",
      "dev": true
    },
    "node_modules/typescript": {
      "version": "4.9.5",
      "resolved": "https://registry.npmjs.org/typescript/-/typescript-4.9.5.tgz",
      "integrity": "sha512-1FXk9E2Hm+QzZQ7z+McJiHL4NW1F2EzMu9Nq9i3zAaGqibafqYwCVU6WyWAuyQRRzOlxou8xZSyXLEN8oKj24g==",
      "dev": true,
      "bin": {
        "tsc": "bin/tsc",
        "tsserver": "bin/tsserver"
      },
      "engines": {
        "node": ">=4.2.0"
      }
    }
  }
}
